{
  "nodes": {
    "flake-utils": {
      "locked": {
        "lastModified": 1652776076,
        "narHash": "sha256-gzTw/v1vj4dOVbpBSJX4J0DwUR6LIyXo7/SuuTJp1kM=",
        "owner": "numtide",
        "repo": "flake-utils",
        "rev": "04c1b180862888302ddfb2e3ad9eaa63afc60cf8",
        "type": "github"
      },
      "original": {
        "owner": "numtide",
        "ref": "v1.0.0",
        "repo": "flake-utils",
        "type": "github"
      }
    },
    "nixos": {
      "locked": {
        "lastModified": 1696697597,
        "narHash": "sha256-q26Qv4DQ+h6IeozF2o1secyQG0jt2VUT3V0K58jr3pg=",
        "owner": "NixOS",
        "repo": "nixpkgs",
        "rev": "5a237aecb57296f67276ac9ab296a41c23981f56",
        "type": "github"
      },
      "original": {
        "owner": "NixOS",
        "ref": "nixos-23.05",
        "repo": "nixpkgs",
        "type": "github"
      }
    },
    "pythoneda-shared-pythoneda-banner": {
      "inputs": {
        "flake-utils": [
          "flake-utils"
        ],
        "nixos": [
          "nixos"
        ]
      },
      "locked": {
        "lastModified": 1696861787,
        "narHash": "sha256-Ta20q7iuGLeaEzbKQi2oDWaO0QlEOz5GYa9I4Betvqs=",
        "owner": "pythoneda-shared-pythoneda",
        "repo": "banner",
        "rev": "ebd3754075fcc29bac8c37b27fb185da9beaa8b5",
        "type": "github"
      },
      "original": {
        "owner": "pythoneda-shared-pythoneda",
        "ref": "0.0.7",
        "repo": "banner",
        "type": "github"
      }
    },
    "pythoneda-shared-pythoneda-domain": {
      "inputs": {
        "flake-utils": [
          "flake-utils"
        ],
        "nixos": [
          "nixos"
        ],
        "pythoneda-shared-pythoneda-banner": [
          "pythoneda-shared-pythoneda-banner"
        ]
      },
      "locked": {
        "dir": "domain",
        "lastModified": 1696861926,
        "narHash": "sha256-iq//0fu3GWCYDxIOQ6jrstGaHKijOgj8v+fO3J5ya4A=",
        "owner": "pythoneda-shared-pythoneda",
        "repo": "domain-artifact",
        "rev": "bfa4f27ca56b37e6bf98584d96c025d6e2287c94",
        "type": "github"
      },
      "original": {
        "dir": "domain",
        "owner": "pythoneda-shared-pythoneda",
        "ref": "0.0.8",
        "repo": "domain-artifact",
        "type": "github"
      }
    },
    "root": {
      "inputs": {
        "flake-utils": "flake-utils",
        "nixos": "nixos",
        "pythoneda-shared-pythoneda-banner": "pythoneda-shared-pythoneda-banner",
        "pythoneda-shared-pythoneda-domain": "pythoneda-shared-pythoneda-domain"
      }
    }
  },
  "root": "root",
  "version": 7
}
